
Microsoft Visual Studio Solution File, Format Version 12.00
# Visual Studio Version 17
VisualStudioVersion = 17.13.35818.85
MinimumVisualStudioVersion = 10.0.40219.1
Project("{FAE04EC0-301F-11D3-BF4B-00C04F79EFBC}") = "DatabaseWebRESTAPI", "DatabaseWebRESTAPI\DatabaseWebRESTAPI.csproj", "{5E595A96-848A-4D9C-A34D-F3ADD2C7F9F0}"
EndProject
Project("{2150E333-8FDC-42A3-9474-1A3956D46DE8}") = "API", "API", "{02EA681E-C7D8-13C7-8484-4AC65E1B71E8}"
EndProject
Project("{FAE04EC0-301F-11D3-BF4B-00C04F79EFBC}") = "APIClient", "APIClient\APIClient.csproj", "{FC4DFC8C-C238-4E3F-B1F0-D596CFCC14C6}"
EndProject
Project("{2150E333-8FDC-42A3-9474-1A3956D46DE8}") = "Application", "Application", "{D9960E4D-93AA-45A6-AA0E-5B18871BA576}"
EndProject
Project("{FAE04EC0-301F-11D3-BF4B-00C04F79EFBC}") = "MAUIProject", "MAUIProject\MAUIProject.csproj", "{CCB6E62B-F054-453A-8A86-ADE3B389F017}"
EndProject
Global
	GlobalSection(SolutionConfigurationPlatforms) = preSolution
		Debug|Any CPU = Debug|Any CPU
		Release|Any CPU = Release|Any CPU
	EndGlobalSection
	GlobalSection(ProjectConfigurationPlatforms) = postSolution
		{5E595A96-848A-4D9C-A34D-F3ADD2C7F9F0}.Debug|Any CPU.ActiveCfg = Debug|Any CPU
		{5E595A96-848A-4D9C-A34D-F3ADD2C7F9F0}.Debug|Any CPU.Build.0 = Debug|Any CPU
		{5E595A96-848A-4D9C-A34D-F3ADD2C7F9F0}.Release|Any CPU.ActiveCfg = Release|Any CPU
		{5E595A96-848A-4D9C-A34D-F3ADD2C7F9F0}.Release|Any CPU.Build.0 = Release|Any CPU
		{FC4DFC8C-C238-4E3F-B1F0-D596CFCC14C6}.Debug|Any CPU.ActiveCfg = Debug|Any CPU
		{FC4DFC8C-C238-4E3F-B1F0-D596CFCC14C6}.Debug|Any CPU.Build.0 = Debug|Any CPU
		{FC4DFC8C-C238-4E3F-B1F0-D596CFCC14C6}.Release|Any CPU.ActiveCfg = Release|Any CPU
		{FC4DFC8C-C238-4E3F-B1F0-D596CFCC14C6}.Release|Any CPU.Build.0 = Release|Any CPU
		{CCB6E62B-F054-453A-8A86-ADE3B389F017}.Debug|Any CPU.ActiveCfg = Debug|Any CPU
		{CCB6E62B-F054-453A-8A86-ADE3B389F017}.Debug|Any CPU.Build.0 = Debug|Any CPU
		{CCB6E62B-F054-453A-8A86-ADE3B389F017}.Debug|Any CPU.Deploy.0 = Debug|Any CPU
		{CCB6E62B-F054-453A-8A86-ADE3B389F017}.Release|Any CPU.ActiveCfg = Release|Any CPU
		{CCB6E62B-F054-453A-8A86-ADE3B389F017}.Release|Any CPU.Build.0 = Release|Any CPU
		{CCB6E62B-F054-453A-8A86-ADE3B389F017}.Release|Any CPU.Deploy.0 = Release|Any CPU
	EndGlobalSection
	GlobalSection(SolutionProperties) = preSolution
		HideSolutionNode = FALSE
	EndGlobalSection
	GlobalSection(NestedProjects) = preSolution
		{5E595A96-848A-4D9C-A34D-F3ADD2C7F9F0} = {02EA681E-C7D8-13C7-8484-4AC65E1B71E8}
		{FC4DFC8C-C238-4E3F-B1F0-D596CFCC14C6} = {02EA681E-C7D8-13C7-8484-4AC65E1B71E8}
		{CCB6E62B-F054-453A-8A86-ADE3B389F017} = {D9960E4D-93AA-45A6-AA0E-5B18871BA576}
	EndGlobalSection
	GlobalSection(ExtensibilityGlobals) = postSolution
		SolutionGuid = {7E81C368-9AB6-4B7E-BE34-5105ADEDB826}
	EndGlobalSection
EndGlobal
